
Microsoft Visual Studio Solution File, Format Version 12.00
# Visual Studio Version 17
Project("{8BC9CEB8-8B4A-11D0-8D11-00A0C91BC942}") = "ALL_BUILD", "ALL_BUILD.vcxproj", "{2AB7BC2A-05B6-3CBA-979A-D9EB41E70718}"
	ProjectSection(ProjectDependencies) = postProject
		{38A0A4A0-55E2-3998-AF83-64C789E70463} = {38A0A4A0-55E2-3998-AF83-64C789E70463}
		{A3CE503E-5C55-37EA-A4A7-260F004496EE} = {A3CE503E-5C55-37EA-A4A7-260F004496EE}
	EndProjectSection
EndProject
Project("{8BC9CEB8-8B4A-11D0-8D11-00A0C91BC942}") = "INSTALL", "INSTALL.vcxproj", "{E2194702-1B22-3ABF-8185-05153E031389}"
	ProjectSection(ProjectDependencies) = postProject
		{2AB7BC2A-05B6-3CBA-979A-D9EB41E70718} = {2AB7BC2A-05B6-3CBA-979A-D9EB41E70718}
		{A3CE503E-5C55-37EA-A4A7-260F004496EE} = {A3CE503E-5C55-37EA-A4A7-260F004496EE}
	EndProjectSection
EndProject
Project("{8BC9CEB8-8B4A-11D0-8D11-00A0C91BC942}") = "SDL2", "..\SDL\SDL2.vcxproj", "{8151BCA3-FCA9-35EA-9534-49874854C9A4}"
	ProjectSection(ProjectDependencies) = postProject
		{A3CE503E-5C55-37EA-A4A7-260F004496EE} = {A3CE503E-5C55-37EA-A4A7-260F004496EE}
		{8D6C82E3-9687-3B38-9A0E-E8B5636EBB9F} = {8D6C82E3-9687-3B38-9A0E-E8B5636EBB9F}
	EndProjectSection
EndProject
Project("{8BC9CEB8-8B4A-11D0-8D11-00A0C91BC942}") = "SDL2_image", "SDL2_image.vcxproj", "{38A0A4A0-55E2-3998-AF83-64C789E70463}"
	ProjectSection(ProjectDependencies) = postProject
		{8151BCA3-FCA9-35EA-9534-49874854C9A4} = {8151BCA3-FCA9-35EA-9534-49874854C9A4}
		{A3CE503E-5C55-37EA-A4A7-260F004496EE} = {A3CE503E-5C55-37EA-A4A7-260F004496EE}
	EndProjectSection
EndProject
Project("{8BC9CEB8-8B4A-11D0-8D11-00A0C91BC942}") = "ZERO_CHECK", "..\\ZERO_CHECK.vcxproj", "{A3CE503E-5C55-37EA-A4A7-260F004496EE}"
	ProjectSection(ProjectDependencies) = postProject
	EndProjectSection
EndProject
Project("{8BC9CEB8-8B4A-11D0-8D11-00A0C91BC942}") = "sdl_headers_copy", "..\SDL\sdl_headers_copy.vcxproj", "{8D6C82E3-9687-3B38-9A0E-E8B5636EBB9F}"
	ProjectSection(ProjectDependencies) = postProject
		{A3CE503E-5C55-37EA-A4A7-260F004496EE} = {A3CE503E-5C55-37EA-A4A7-260F004496EE}
	EndProjectSection
EndProject
Global
	GlobalSection(SolutionConfigurationPlatforms) = preSolution
		Debug|x64 = Debug|x64
		Release|x64 = Release|x64
		MinSizeRel|x64 = MinSizeRel|x64
		RelWithDebInfo|x64 = RelWithDebInfo|x64
	EndGlobalSection
	GlobalSection(ProjectConfigurationPlatforms) = postSolution
		{2AB7BC2A-05B6-3CBA-979A-D9EB41E70718}.Debug|x64.ActiveCfg = Debug|x64
		{2AB7BC2A-05B6-3CBA-979A-D9EB41E70718}.Debug|x64.Build.0 = Debug|x64
		{2AB7BC2A-05B6-3CBA-979A-D9EB41E70718}.Release|x64.ActiveCfg = Release|x64
		{2AB7BC2A-05B6-3CBA-979A-D9EB41E70718}.Release|x64.Build.0 = Release|x64
		{2AB7BC2A-05B6-3CBA-979A-D9EB41E70718}.MinSizeRel|x64.ActiveCfg = MinSizeRel|x64
		{2AB7BC2A-05B6-3CBA-979A-D9EB41E70718}.MinSizeRel|x64.Build.0 = MinSizeRel|x64
		{2AB7BC2A-05B6-3CBA-979A-D9EB41E70718}.RelWithDebInfo|x64.ActiveCfg = RelWithDebInfo|x64
		{2AB7BC2A-05B6-3CBA-979A-D9EB41E70718}.RelWithDebInfo|x64.Build.0 = RelWithDebInfo|x64
		{E2194702-1B22-3ABF-8185-05153E031389}.Debug|x64.ActiveCfg = Debug|x64
		{E2194702-1B22-3ABF-8185-05153E031389}.Release|x64.ActiveCfg = Release|x64
		{E2194702-1B22-3ABF-8185-05153E031389}.MinSizeRel|x64.ActiveCfg = MinSizeRel|x64
		{E2194702-1B22-3ABF-8185-05153E031389}.RelWithDebInfo|x64.ActiveCfg = RelWithDebInfo|x64
		{8151BCA3-FCA9-35EA-9534-49874854C9A4}.Debug|x64.ActiveCfg = Debug|x64
		{8151BCA3-FCA9-35EA-9534-49874854C9A4}.Debug|x64.Build.0 = Debug|x64
		{8151BCA3-FCA9-35EA-9534-49874854C9A4}.Release|x64.ActiveCfg = Release|x64
		{8151BCA3-FCA9-35EA-9534-49874854C9A4}.Release|x64.Build.0 = Release|x64
		{8151BCA3-FCA9-35EA-9534-49874854C9A4}.MinSizeRel|x64.ActiveCfg = MinSizeRel|x64
		{8151BCA3-FCA9-35EA-9534-49874854C9A4}.MinSizeRel|x64.Build.0 = MinSizeRel|x64
		{8151BCA3-FCA9-35EA-9534-49874854C9A4}.RelWithDebInfo|x64.ActiveCfg = RelWithDebInfo|x64
		{8151BCA3-FCA9-35EA-9534-49874854C9A4}.RelWithDebInfo|x64.Build.0 = RelWithDebInfo|x64
		{38A0A4A0-55E2-3998-AF83-64C789E70463}.Debug|x64.ActiveCfg = Debug|x64
		{38A0A4A0-55E2-3998-AF83-64C789E70463}.Debug|x64.Build.0 = Debug|x64
		{38A0A4A0-55E2-3998-AF83-64C789E70463}.Release|x64.ActiveCfg = Release|x64
		{38A0A4A0-55E2-3998-AF83-64C789E70463}.Release|x64.Build.0 = Release|x64
		{38A0A4A0-55E2-3998-AF83-64C789E70463}.MinSizeRel|x64.ActiveCfg = MinSizeRel|x64
		{38A0A4A0-55E2-3998-AF83-64C789E70463}.MinSizeRel|x64.Build.0 = MinSizeRel|x64
		{38A0A4A0-55E2-3998-AF83-64C789E70463}.RelWithDebInfo|x64.ActiveCfg = RelWithDebInfo|x64
		{38A0A4A0-55E2-3998-AF83-64C789E70463}.RelWithDebInfo|x64.Build.0 = RelWithDebInfo|x64
		{A3CE503E-5C55-37EA-A4A7-260F004496EE}.Debug|x64.ActiveCfg = Debug|x64
		{A3CE503E-5C55-37EA-A4A7-260F004496EE}.Debug|x64.Build.0 = Debug|x64
		{A3CE503E-5C55-37EA-A4A7-260F004496EE}.Release|x64.ActiveCfg = Release|x64
		{A3CE503E-5C55-37EA-A4A7-260F004496EE}.Release|x64.Build.0 = Release|x64
		{A3CE503E-5C55-37EA-A4A7-260F004496EE}.MinSizeRel|x64.ActiveCfg = MinSizeRel|x64
		{A3CE503E-5C55-37EA-A4A7-260F004496EE}.MinSizeRel|x64.Build.0 = MinSizeRel|x64
		{A3CE503E-5C55-37EA-A4A7-260F004496EE}.RelWithDebInfo|x64.ActiveCfg = RelWithDebInfo|x64
		{A3CE503E-5C55-37EA-A4A7-260F004496EE}.RelWithDebInfo|x64.Build.0 = RelWithDebInfo|x64
		{8D6C82E3-9687-3B38-9A0E-E8B5636EBB9F}.Debug|x64.ActiveCfg = Debug|x64
		{8D6C82E3-9687-3B38-9A0E-E8B5636EBB9F}.Debug|x64.Build.0 = Debug|x64
		{8D6C82E3-9687-3B38-9A0E-E8B5636EBB9F}.Release|x64.ActiveCfg = Release|x64
		{8D6C82E3-9687-3B38-9A0E-E8B5636EBB9F}.Release|x64.Build.0 = Release|x64
		{8D6C82E3-9687-3B38-9A0E-E8B5636EBB9F}.MinSizeRel|x64.ActiveCfg = MinSizeRel|x64
		{8D6C82E3-9687-3B38-9A0E-E8B5636EBB9F}.MinSizeRel|x64.Build.0 = MinSizeRel|x64
		{8D6C82E3-9687-3B38-9A0E-E8B5636EBB9F}.RelWithDebInfo|x64.ActiveCfg = RelWithDebInfo|x64
		{8D6C82E3-9687-3B38-9A0E-E8B5636EBB9F}.RelWithDebInfo|x64.Build.0 = RelWithDebInfo|x64
	EndGlobalSection
	GlobalSection(ExtensibilityGlobals) = postSolution
		SolutionGuid = {B993795D-ABF0-3D22-A57D-D1566A694AE3}
	EndGlobalSection
	GlobalSection(ExtensibilityAddIns) = postSolution
	EndGlobalSection
EndGlobal
