<?xml version="1.0" encoding="utf-8"?>
<Project ToolsVersion="17.0" xmlns="http://schemas.microsoft.com/developer/msbuild/2003">
  <ItemGroup>
    <ClCompile Include="D:\Users\Nedd\source\repos\NeddX\RSE\external\lib\SDL_image\IMG.c">
      <Filter>Source Files</Filter>
    </ClCompile>
    <ClCompile Include="D:\Users\Nedd\source\repos\NeddX\RSE\external\lib\SDL_image\IMG_WIC.c">
      <Filter>Source Files</Filter>
    </ClCompile>
    <ClCompile Include="D:\Users\Nedd\source\repos\NeddX\RSE\external\lib\SDL_image\IMG_avif.c">
      <Filter>Source Files</Filter>
    </ClCompile>
    <ClCompile Include="D:\Users\Nedd\source\repos\NeddX\RSE\external\lib\SDL_image\IMG_bmp.c">
      <Filter>Source Files</Filter>
    </ClCompile>
    <ClCompile Include="D:\Users\Nedd\source\repos\NeddX\RSE\external\lib\SDL_image\IMG_gif.c">
      <Filter>Source Files</Filter>
    </ClCompile>
    <ClCompile Include="D:\Users\Nedd\source\repos\NeddX\RSE\external\lib\SDL_image\IMG_jpg.c">
      <Filter>Source Files</Filter>
    </ClCompile>
    <ClCompile Include="D:\Users\Nedd\source\repos\NeddX\RSE\external\lib\SDL_image\IMG_jxl.c">
      <Filter>Source Files</Filter>
    </ClCompile>
    <ClCompile Include="D:\Users\Nedd\source\repos\NeddX\RSE\external\lib\SDL_image\IMG_lbm.c">
      <Filter>Source Files</Filter>
    </ClCompile>
    <ClCompile Include="D:\Users\Nedd\source\repos\NeddX\RSE\external\lib\SDL_image\IMG_pcx.c">
      <Filter>Source Files</Filter>
    </ClCompile>
    <ClCompile Include="D:\Users\Nedd\source\repos\NeddX\RSE\external\lib\SDL_image\IMG_png.c">
      <Filter>Source Files</Filter>
    </ClCompile>
    <ClCompile Include="D:\Users\Nedd\source\repos\NeddX\RSE\external\lib\SDL_image\IMG_pnm.c">
      <Filter>Source Files</Filter>
    </ClCompile>
    <ClCompile Include="D:\Users\Nedd\source\repos\NeddX\RSE\external\lib\SDL_image\IMG_qoi.c">
      <Filter>Source Files</Filter>
    </ClCompile>
    <ClCompile Include="D:\Users\Nedd\source\repos\NeddX\RSE\external\lib\SDL_image\IMG_stb.c">
      <Filter>Source Files</Filter>
    </ClCompile>
    <ClCompile Include="D:\Users\Nedd\source\repos\NeddX\RSE\external\lib\SDL_image\IMG_svg.c">
      <Filter>Source Files</Filter>
    </ClCompile>
    <ClCompile Include="D:\Users\Nedd\source\repos\NeddX\RSE\external\lib\SDL_image\IMG_tga.c">
      <Filter>Source Files</Filter>
    </ClCompile>
    <ClCompile Include="D:\Users\Nedd\source\repos\NeddX\RSE\external\lib\SDL_image\IMG_tif.c">
      <Filter>Source Files</Filter>
    </ClCompile>
    <ClCompile Include="D:\Users\Nedd\source\repos\NeddX\RSE\external\lib\SDL_image\IMG_webp.c">
      <Filter>Source Files</Filter>
    </ClCompile>
    <ClCompile Include="D:\Users\Nedd\source\repos\NeddX\RSE\external\lib\SDL_image\IMG_xcf.c">
      <Filter>Source Files</Filter>
    </ClCompile>
    <ClCompile Include="D:\Users\Nedd\source\repos\NeddX\RSE\external\lib\SDL_image\IMG_xpm.c">
      <Filter>Source Files</Filter>
    </ClCompile>
    <ClCompile Include="D:\Users\Nedd\source\repos\NeddX\RSE\external\lib\SDL_image\IMG_xv.c">
      <Filter>Source Files</Filter>
    </ClCompile>
    <ClCompile Include="D:\Users\Nedd\source\repos\NeddX\RSE\external\lib\SDL_image\IMG_xxx.c">
      <Filter>Source Files</Filter>
    </ClCompile>
  </ItemGroup>
  <ItemGroup>
    <CustomBuild Include="D:\Users\Nedd\source\repos\NeddX\RSE\external\lib\SDL_image\CMakeLists.txt" />
  </ItemGroup>
  <ItemGroup>
    <ResourceCompile Include="D:\Users\Nedd\source\repos\NeddX\RSE\external\lib\SDL_image\version.rc">
      <Filter>Source Files</Filter>
    </ResourceCompile>
  </ItemGroup>
  <ItemGroup>
    <Filter Include="Source Files">
      <UniqueIdentifier>{A33D08BA-3696-36D1-BE1B-7144EDBAC4BB}</UniqueIdentifier>
    </Filter>
  </ItemGroup>
</Project>
