<?xml version="1.0" encoding="utf-8"?>
<Project ToolsVersion="17.0" xmlns="http://schemas.microsoft.com/developer/msbuild/2003">
  <ItemGroup>
    <ClCompile Include="D:\Users\Nedd\source\repos\NeddX\RSE\RCLRW\CMakeFiles\RCLRW.dir\cmake_pch.cxx">
      <Filter>Source Files</Filter>
    </ClCompile>
    <ClCompile Include="D:\Users\Nedd\source\repos\NeddX\RSE\RCLRW\src\RCLRW.cpp">
      <Filter>Source Files</Filter>
    </ClCompile>
  </ItemGroup>
  <ItemGroup>
    <ClInclude Include="D:\Users\Nedd\source\repos\NeddX\RSE\RCLRW\src\include\RCLRW.h">
      <Filter>Header Files</Filter>
    </ClInclude>
    <ClInclude Include="D:\Users\Nedd\source\repos\NeddX\RSE\RCLRW\CMakeFiles\RCLRW.dir\Debug\cmake_pch.hxx">
      <Filter>Precompile Header File</Filter>
    </ClInclude>
    <ClInclude Include="D:\Users\Nedd\source\repos\NeddX\RSE\RCLRW\CMakeFiles\RCLRW.dir\Release\cmake_pch.hxx">
      <Filter>Precompile Header File</Filter>
    </ClInclude>
    <ClInclude Include="D:\Users\Nedd\source\repos\NeddX\RSE\RCLRW\CMakeFiles\RCLRW.dir\MinSizeRel\cmake_pch.hxx">
      <Filter>Precompile Header File</Filter>
    </ClInclude>
    <ClInclude Include="D:\Users\Nedd\source\repos\NeddX\RSE\RCLRW\CMakeFiles\RCLRW.dir\RelWithDebInfo\cmake_pch.hxx">
      <Filter>Precompile Header File</Filter>
    </ClInclude>
  </ItemGroup>
  <ItemGroup>
    <CustomBuild Include="D:\Users\Nedd\source\repos\NeddX\RSE\RCLRW\CMakeLists.txt" />
  </ItemGroup>
  <ItemGroup>
    <Filter Include="Header Files">
      <UniqueIdentifier>{1E91B381-361D-3BDC-A68F-EF640A3ECC9E}</UniqueIdentifier>
    </Filter>
    <Filter Include="Precompile Header File">
      <UniqueIdentifier>{1D88698E-27FE-3E30-B087-BB0F123AD1EA}</UniqueIdentifier>
    </Filter>
    <Filter Include="Source Files">
      <UniqueIdentifier>{A33D08BA-3696-36D1-BE1B-7144EDBAC4BB}</UniqueIdentifier>
    </Filter>
  </ItemGroup>
</Project>
